
Microsoft Visual Studio Solution File, Format Version 12.00
# Visual Studio Version 17
VisualStudioVersion = 17.1.32407.343
MinimumVisualStudioVersion = 10.0.40219.1
Project("{FAE04EC0-301F-11D3-BF4B-00C04F79EFBC}") = "Demo_Mang_Thamchieu", "Demo_Mang_Thamchieu\Demo_Mang_Thamchieu.csproj", "{24C13701-BE52-4CFD-B3DB-474855BAFA96}"
EndProject
Global
	GlobalSection(SolutionConfigurationPlatforms) = preSolution
		Debug|Any CPU = Debug|Any CPU
		Release|Any CPU = Release|Any CPU
	EndGlobalSection
	GlobalSection(ProjectConfigurationPlatforms) = postSolution
		{24C13701-BE52-4CFD-B3DB-474855BAFA96}.Debug|Any CPU.ActiveCfg = Debug|Any CPU
		{24C13701-BE52-4CFD-B3DB-474855BAFA96}.Debug|Any CPU.Build.0 = Debug|Any CPU
		{24C13701-BE52-4CFD-B3DB-474855BAFA96}.Release|Any CPU.ActiveCfg = Release|Any CPU
		{24C13701-BE52-4CFD-B3DB-474855BAFA96}.Release|Any CPU.Build.0 = Release|Any CPU
	EndGlobalSection
	GlobalSection(SolutionProperties) = preSolution
		HideSolutionNode = FALSE
	EndGlobalSection
	GlobalSection(ExtensibilityGlobals) = postSolution
		SolutionGuid = {ADCDBB5D-C3B7-4E94-B632-41036A8EE1A3}
	EndGlobalSection
EndGlobal
