
Microsoft Visual Studio Solution File, Format Version 12.00
# Visual Studio Version 17
VisualStudioVersion = 17.1.32210.238
MinimumVisualStudioVersion = 10.0.40219.1
Project("{FAE04EC0-301F-11D3-BF4B-00C04F79EFBC}") = "Baitap_Interface2_Car", "Baitap_Interface2_Car.csproj", "{75359A37-6DDA-492E-8694-B7B4CE8AB3B8}"
EndProject
Global
	GlobalSection(SolutionConfigurationPlatforms) = preSolution
		Debug|Any CPU = Debug|Any CPU
		Release|Any CPU = Release|Any CPU
	EndGlobalSection
	GlobalSection(ProjectConfigurationPlatforms) = postSolution
		{75359A37-6DDA-492E-8694-B7B4CE8AB3B8}.Debug|Any CPU.ActiveCfg = Debug|Any CPU
		{75359A37-6DDA-492E-8694-B7B4CE8AB3B8}.Debug|Any CPU.Build.0 = Debug|Any CPU
		{75359A37-6DDA-492E-8694-B7B4CE8AB3B8}.Release|Any CPU.ActiveCfg = Release|Any CPU
		{75359A37-6DDA-492E-8694-B7B4CE8AB3B8}.Release|Any CPU.Build.0 = Release|Any CPU
	EndGlobalSection
	GlobalSection(SolutionProperties) = preSolution
		HideSolutionNode = FALSE
	EndGlobalSection
	GlobalSection(ExtensibilityGlobals) = postSolution
		SolutionGuid = {40548740-D578-4922-8B6A-EDA1DEEC2A77}
	EndGlobalSection
EndGlobal
