
Microsoft Visual Studio Solution File, Format Version 12.00
# Visual Studio Version 17
VisualStudioVersion = 17.1.32210.238
MinimumVisualStudioVersion = 10.0.40219.1
Project("{FAE04EC0-301F-11D3-BF4B-00C04F79EFBC}") = "Baitap_Thamchieu_PTB2", "Baitap_Thamchieu_PTB2.csproj", "{022C682E-23E9-4FB6-9129-711CC82D3A4F}"
EndProject
Global
	GlobalSection(SolutionConfigurationPlatforms) = preSolution
		Debug|Any CPU = Debug|Any CPU
		Release|Any CPU = Release|Any CPU
	EndGlobalSection
	GlobalSection(ProjectConfigurationPlatforms) = postSolution
		{022C682E-23E9-4FB6-9129-711CC82D3A4F}.Debug|Any CPU.ActiveCfg = Debug|Any CPU
		{022C682E-23E9-4FB6-9129-711CC82D3A4F}.Debug|Any CPU.Build.0 = Debug|Any CPU
		{022C682E-23E9-4FB6-9129-711CC82D3A4F}.Release|Any CPU.ActiveCfg = Release|Any CPU
		{022C682E-23E9-4FB6-9129-711CC82D3A4F}.Release|Any CPU.Build.0 = Release|Any CPU
	EndGlobalSection
	GlobalSection(SolutionProperties) = preSolution
		HideSolutionNode = FALSE
	EndGlobalSection
	GlobalSection(ExtensibilityGlobals) = postSolution
		SolutionGuid = {93F3FFE0-A648-4F95-866E-AEEDC0414851}
	EndGlobalSection
EndGlobal
