
Microsoft Visual Studio Solution File, Format Version 12.00
# Visual Studio Version 17
VisualStudioVersion = 17.1.32210.238
MinimumVisualStudioVersion = 10.0.40219.1
Project("{FAE04EC0-301F-11D3-BF4B-00C04F79EFBC}") = "Baitap_Mang_Class", "Baitap_Mang_Class.csproj", "{C2EA8475-E624-4DB2-8FAC-D66DEB999485}"
EndProject
Global
	GlobalSection(SolutionConfigurationPlatforms) = preSolution
		Debug|Any CPU = Debug|Any CPU
		Release|Any CPU = Release|Any CPU
	EndGlobalSection
	GlobalSection(ProjectConfigurationPlatforms) = postSolution
		{C2EA8475-E624-4DB2-8FAC-D66DEB999485}.Debug|Any CPU.ActiveCfg = Debug|Any CPU
		{C2EA8475-E624-4DB2-8FAC-D66DEB999485}.Debug|Any CPU.Build.0 = Debug|Any CPU
		{C2EA8475-E624-4DB2-8FAC-D66DEB999485}.Release|Any CPU.ActiveCfg = Release|Any CPU
		{C2EA8475-E624-4DB2-8FAC-D66DEB999485}.Release|Any CPU.Build.0 = Release|Any CPU
	EndGlobalSection
	GlobalSection(SolutionProperties) = preSolution
		HideSolutionNode = FALSE
	EndGlobalSection
	GlobalSection(ExtensibilityGlobals) = postSolution
		SolutionGuid = {B7478D32-6F08-4D0E-97D3-3D5DF2B240E5}
	EndGlobalSection
EndGlobal
