
Microsoft Visual Studio Solution File, Format Version 12.00
# Visual Studio Version 17
VisualStudioVersion = 17.1.32210.238
MinimumVisualStudioVersion = 10.0.40219.1
Project("{FAE04EC0-301F-11D3-BF4B-00C04F79EFBC}") = "Demo_Kethua", "Demo_Kethua.csproj", "{60BD42E8-EF39-4AC9-B53D-87EB32A05B6C}"
EndProject
Global
	GlobalSection(SolutionConfigurationPlatforms) = preSolution
		Debug|Any CPU = Debug|Any CPU
		Release|Any CPU = Release|Any CPU
	EndGlobalSection
	GlobalSection(ProjectConfigurationPlatforms) = postSolution
		{60BD42E8-EF39-4AC9-B53D-87EB32A05B6C}.Debug|Any CPU.ActiveCfg = Debug|Any CPU
		{60BD42E8-EF39-4AC9-B53D-87EB32A05B6C}.Debug|Any CPU.Build.0 = Debug|Any CPU
		{60BD42E8-EF39-4AC9-B53D-87EB32A05B6C}.Release|Any CPU.ActiveCfg = Release|Any CPU
		{60BD42E8-EF39-4AC9-B53D-87EB32A05B6C}.Release|Any CPU.Build.0 = Release|Any CPU
	EndGlobalSection
	GlobalSection(SolutionProperties) = preSolution
		HideSolutionNode = FALSE
	EndGlobalSection
	GlobalSection(ExtensibilityGlobals) = postSolution
		SolutionGuid = {E05F728C-C5FA-4CC3-9969-662FF2A77FBE}
	EndGlobalSection
EndGlobal
