
Microsoft Visual Studio Solution File, Format Version 12.00
# Visual Studio Version 17
VisualStudioVersion = 17.1.32210.238
MinimumVisualStudioVersion = 10.0.40219.1
Project("{FAE04EC0-301F-11D3-BF4B-00C04F79EFBC}") = "Mang_Doituong", "Mang_Doituong.csproj", "{ACC6DDEB-23E4-45C8-A0FF-BC8E63ACCC86}"
EndProject
Global
	GlobalSection(SolutionConfigurationPlatforms) = preSolution
		Debug|Any CPU = Debug|Any CPU
		Release|Any CPU = Release|Any CPU
	EndGlobalSection
	GlobalSection(ProjectConfigurationPlatforms) = postSolution
		{ACC6DDEB-23E4-45C8-A0FF-BC8E63ACCC86}.Debug|Any CPU.ActiveCfg = Debug|Any CPU
		{ACC6DDEB-23E4-45C8-A0FF-BC8E63ACCC86}.Debug|Any CPU.Build.0 = Debug|Any CPU
		{ACC6DDEB-23E4-45C8-A0FF-BC8E63ACCC86}.Release|Any CPU.ActiveCfg = Release|Any CPU
		{ACC6DDEB-23E4-45C8-A0FF-BC8E63ACCC86}.Release|Any CPU.Build.0 = Release|Any CPU
	EndGlobalSection
	GlobalSection(SolutionProperties) = preSolution
		HideSolutionNode = FALSE
	EndGlobalSection
	GlobalSection(ExtensibilityGlobals) = postSolution
		SolutionGuid = {D1E9BEC1-4818-49A5-BFAC-3E1A33384E3F}
	EndGlobalSection
EndGlobal
