
Microsoft Visual Studio Solution File, Format Version 12.00
# Visual Studio Version 17
VisualStudioVersion = 17.1.32210.238
MinimumVisualStudioVersion = 10.0.40219.1
Project("{FAE04EC0-301F-11D3-BF4B-00C04F79EFBC}") = "Baitap_Dem_So_lan_xuat_hien", "Baitap_Dem_So_lan_xuat_hien\Baitap_Dem_So_lan_xuat_hien.csproj", "{2E1781AC-5152-41AF-84A5-B951FAB21306}"
EndProject
Global
	GlobalSection(SolutionConfigurationPlatforms) = preSolution
		Debug|Any CPU = Debug|Any CPU
		Release|Any CPU = Release|Any CPU
	EndGlobalSection
	GlobalSection(ProjectConfigurationPlatforms) = postSolution
		{2E1781AC-5152-41AF-84A5-B951FAB21306}.Debug|Any CPU.ActiveCfg = Debug|Any CPU
		{2E1781AC-5152-41AF-84A5-B951FAB21306}.Debug|Any CPU.Build.0 = Debug|Any CPU
		{2E1781AC-5152-41AF-84A5-B951FAB21306}.Release|Any CPU.ActiveCfg = Release|Any CPU
		{2E1781AC-5152-41AF-84A5-B951FAB21306}.Release|Any CPU.Build.0 = Release|Any CPU
	EndGlobalSection
	GlobalSection(SolutionProperties) = preSolution
		HideSolutionNode = FALSE
	EndGlobalSection
	GlobalSection(ExtensibilityGlobals) = postSolution
		SolutionGuid = {090B7BF2-8B35-4224-937B-92FBE10067C0}
	EndGlobalSection
EndGlobal
